{
  "object": {
    "pins": [
      {
        "package": "PhotoPicker",
        "repositoryURL": "https://github.com/zunda-pixel/PhotoPicker",
        "state": {
          "branch": null,
          "revision": "eb53f73b42587ddce10fd13cf07547f9db5df426",
          "version": "1.2.0"
        }
      }
    ]
  },
  "version": 1
}
